# THIS IS AN AUTOGENERATED FILE. DO NOT EDIT THIS FILE DIRECTLY.
# yarn lockfile v1


fs@^0.0.1-security:
  version "0.0.1-security"
  resolved "https://registry.npmjs.org/fs/-/fs-0.0.1-security.tgz"
  integrity sha512-3XY9e1pP0CVEUCdj5BmfIZxRBTSDycnbqhIOGec9QYtmVH2fbLpj86CFWkrNOkt/Fvty4KZG5lTglL9j/gJ87w==

net@^1.0.2:
  version "1.0.2"
  resolved "https://registry.npmjs.org/net/-/net-1.0.2.tgz"
  integrity sha512-kbhcj2SVVR4caaVnGLJKmlk2+f+oLkjqdKeQlmUtz6nGzOpbcobwVIeSURNgraV/v3tlmGIX82OcPCl0K6RbHQ==

simple-rc4@^0.0.1-b:
  version "0.0.1-b"
  resolved "https://registry.npmjs.org/simple-rc4/-/simple-rc4-0.0.1-b.tgz"
  integrity sha512-5qBh2UowmUJgzbWk+yxapMAoW7sJ6i6M6n28fvRgzF6l0DI6XNYQDhel+UO+oRNgGSYUw+5AnehX0Y47XD4XJA==
